{
  "name": "tradeagnt",
  "lockfileVersion": 3,
  "requires": true,
  "packages": {
    "": {
      "dependencies": {
        "oh-my-opencode-linux-x64": "^3.14.0"
      }
    },
    "node_modules/oh-my-opencode-linux-x64": {
      "version": "3.14.0",
      "resolved": "https://registry.npmmirror.com/oh-my-opencode-linux-x64/-/oh-my-opencode-linux-x64-3.14.0.tgz",
      "integrity": "sha512-KFGZNaYzMt2nFARycHHko6ciMa6EJtg9MTTGcVDkPvuSADO7nyMBH2txHIcyJDchkCraM35MR8h7yZtdSRJNuQ==",
      "cpu": [
        "x64"
      ],
      "license": "MIT",
      "os": [
        "linux"
      ],
      "bin": {
        "oh-my-opencode": "bin/oh-my-opencode"
      }
    }
  }
}
